
Microsoft Visual Studio Solution File, Format Version 12.00
# Visual Studio Version 17
VisualStudioVersion = 17.1.32421.90
MinimumVisualStudioVersion = 10.0.40219.1
Project("{FAE04EC0-301F-11D3-BF4B-00C04F79EFBC}") = "BikeLoan.WebApi", "BikeLoan.WebApi\BikeLoan.WebApi.csproj", "{C7DB052D-F686-4741-9FDE-6510FA70F5F4}"
EndProject
Global
	GlobalSection(SolutionConfigurationPlatforms) = preSolution
		Debug|Any CPU = Debug|Any CPU
		Release|Any CPU = Release|Any CPU
	EndGlobalSection
	GlobalSection(ProjectConfigurationPlatforms) = postSolution
		{C7DB052D-F686-4741-9FDE-6510FA70F5F4}.Debug|Any CPU.ActiveCfg = Debug|Any CPU
		{C7DB052D-F686-4741-9FDE-6510FA70F5F4}.Debug|Any CPU.Build.0 = Debug|Any CPU
		{C7DB052D-F686-4741-9FDE-6510FA70F5F4}.Release|Any CPU.ActiveCfg = Release|Any CPU
		{C7DB052D-F686-4741-9FDE-6510FA70F5F4}.Release|Any CPU.Build.0 = Release|Any CPU
	EndGlobalSection
	GlobalSection(SolutionProperties) = preSolution
		HideSolutionNode = FALSE
	EndGlobalSection
	GlobalSection(ExtensibilityGlobals) = postSolution
		SolutionGuid = {26C0A71E-4FDF-46B3-A65B-1CB76A0CF15F}
	EndGlobalSection
EndGlobal
